// !$*UTF8*$!
{
	archiveVersion = 1;
	classes = {
	};
	objectVersion = 46;
	objects = {

/* Begin PBXBuildFile section */
		1615B7801DA876B900C3BD8A /* SettingsViewController.swift in Sources */ = {isa = PBXBuildFile; fileRef = 1615B77F1DA876B900C3BD8A /* SettingsViewController.swift */; };
		16267F671DA4E41D0018CD72 /* AppDelegate.swift in Sources */ = {isa = PBXBuildFile; fileRef = 16267F661DA4E41D0018CD72 /* AppDelegate.swift */; };
		16267F691DA4E41D0018CD72 /* ViewController.swift in Sources */ = {isa = PBXBuildFile; fileRef = 16267F681DA4E41D0018CD72 /* ViewController.swift */; };
		16267F6C1DA4E41D0018CD72 /* Main.storyboard in Resources */ = {isa = PBXBuildFile; fileRef = 16267F6A1DA4E41D0018CD72 /* Main.storyboard */; };
		16267F6E1DA4E41D0018CD72 /* Assets.xcassets in Resources */ = {isa = PBXBuildFile; fileRef = 16267F6D1DA4E41D0018CD72 /* Assets.xcassets */; };
		16267F711DA4E41D0018CD72 /* LaunchScreen.storyboard in Resources */ = {isa = PBXBuildFile; fileRef = 16267F6F1DA4E41D0018CD72 /* LaunchScreen.storyboard */; };
		16267F7C1DA4E41D0018CD72 /* bpcalculatorTests.swift in Sources */ = {isa = PBXBuildFile; fileRef = 16267F7B1DA4E41D0018CD72 /* bpcalculatorTests.swift */; };
		16267F871DA4E41D0018CD72 /* bpcalculatorUITests.swift in Sources */ = {isa = PBXBuildFile; fileRef = 16267F861DA4E41D0018CD72 /* bpcalculatorUITests.swift */; };
		16EE7D641DCB2C8000EEA73D /* ResultsViewController.swift in Sources */ = {isa = PBXBuildFile; fileRef = 16EE7D631DCB2C8000EEA73D /* ResultsViewController.swift */; };
/* End PBXBuildFile section */

/* Begin PBXContainerItemProxy section */
		16267F781DA4E41D0018CD72 /* PBXContainerItemProxy */ = {
			isa = PBXContainerItemProxy;
			containerPortal = 16267F5B1DA4E41C0018CD72 /* Project object */;
			proxyType = 1;
			remoteGlobalIDString = 16267F621DA4E41C0018CD72;
			remoteInfo = bpcalculator;
		};
		16267F831DA4E41D0018CD72 /* PBXContainerItemProxy */ = {
			isa = PBXContainerItemProxy;
			containerPortal = 16267F5B1DA4E41C0018CD72 /* Project object */;
			proxyType = 1;
			remoteGlobalIDString = 16267F621DA4E41C0018CD72;
			remoteInfo = bpcalculator;
		};
/* End PBXContainerItemProxy section */

/* Begin PBXFileReference section */
		1615B77F1DA876B900C3BD8A /* SettingsViewController.swift */ = {isa = PBXFileReference; fileEncoding = 4; lastKnownFileType = sourcecode.swift; path = SettingsViewController.swift; sourceTree = "<group>"; };
		16267F631DA4E41D0018CD72 /* bpcalculator.app */ = {isa = PBXFileReference; explicitFileType = wrapper.application; includeInIndex = 0; path = bpcalculator.app; sourceTree = BUILT_PRODUCTS_DIR; };
		16267F661DA4E41D0018CD72 /* AppDelegate.swift */ = {isa = PBXFileReference; lastKnownFileType = sourcecode.swift; path = AppDelegate.swift; sourceTree = "<group>"; };
		16267F681DA4E41D0018CD72 /* ViewController.swift */ = {isa = PBXFileReference; lastKnownFileType = sourcecode.swift; path = ViewController.swift; sourceTree = "<group>"; };
		16267F6B1DA4E41D0018CD72 /* Base */ = {isa = PBXFileReference; lastKnownFileType = file.storyboard; name = Base; path = Base.lproj/Main.storyboard; sourceTree = "<group>"; };
		16267F6D1DA4E41D0018CD72 /* Assets.xcassets */ = {isa = PBXFileReference; lastKnownFileType = folder.assetcatalog; path = Assets.xcassets; sourceTree = "<group>"; };
		16267F701DA4E41D0018CD72 /* Base */ = {isa = PBXFileReference; lastKnownFileType = file.storyboard; name = Base; path = Base.lproj/LaunchScreen.storyboard; sourceTree = "<group>"; };
		16267F721DA4E41D0018CD72 /* Info.plist */ = {isa = PBXFileReference; lastKnownFileType = text.plist.xml; path = Info.plist; sourceTree = "<group>"; };
		16267F771DA4E41D0018CD72 /* bpcalculatorTests.xctest */ = {isa = PBXFileReference; explicitFileType = wrapper.cfbundle; includeInIndex = 0; path = bpcalculatorTests.xctest; sourceTree = BUILT_PRODUCTS_DIR; };
		16267F7B1DA4E41D0018CD72 /* bpcalculatorTests.swift */ = {isa = PBXFileReference; lastKnownFileType = sourcecode.swift; path = bpcalculatorTests.swift; sourceTree = "<group>"; };
		16267F7D1DA4E41D0018CD72 /* Info.plist */ = {isa = PBXFileReference; lastKnownFileType = text.plist.xml; path = Info.plist; sourceTree = "<group>"; };
		16267F821DA4E41D0018CD72 /* bpcalculatorUITests.xctest */ = {isa = PBXFileReference; explicitFileType = wrapper.cfbundle; includeInIndex = 0; path = bpcalculatorUITests.xctest; sourceTree = BUILT_PRODUCTS_DIR; };
		16267F861DA4E41D0018CD72 /* bpcalculatorUITests.swift */ = {isa = PBXFileReference; lastKnownFileType = sourcecode.swift; path = bpcalculatorUITests.swift; sourceTree = "<group>"; };
		16267F881DA4E41D0018CD72 /* Info.plist */ = {isa = PBXFileReference; lastKnownFileType = text.plist.xml; path = Info.plist; sourceTree = "<group>"; };
		16EE7D631DCB2C8000EEA73D /* ResultsViewController.swift */ = {isa = PBXFileReference; fileEncoding = 4; lastKnownFileType = sourcecode.swift; path = ResultsViewController.swift; sourceTree = "<group>"; };
/* End PBXFileReference section */

/* Begin PBXFrameworksBuildPhase section */
		16267F601DA4E41C0018CD72 /* Frameworks */ = {
			isa = PBXFrameworksBuildPhase;
			buildActionMask = 2147483647;
			files = (
			);
			runOnlyForDeploymentPostprocessing = 0;
		};
		16267F741DA4E41D0018CD72 /* Frameworks */ = {
			isa = PBXFrameworksBuildPhase;
			buildActionMask = 2147483647;
			files = (
			);
			runOnlyForDeploymentPostprocessing = 0;
		};
		16267F7F1DA4E41D0018CD72 /* Frameworks */ = {
			isa = PBXFrameworksBuildPhase;
			buildActionMask = 2147483647;
			files = (
			);
			runOnlyForDeploymentPostprocessing = 0;
		};
/* End PBXFrameworksBuildPhase section */

/* Begin PBXGroup section */
		16267F5A1DA4E41C0018CD72 = {
			isa = PBXGroup;
			children = (
				16267F651DA4E41D0018CD72 /* bpcalculator */,
				16267F7A1DA4E41D0018CD72 /* bpcalculatorTests */,
				16267F851DA4E41D0018CD72 /* bpcalculatorUITests */,
				16267F641DA4E41D0018CD72 /* Products */,
			);
			sourceTree = "<group>";
		};
		16267F641DA4E41D0018CD72 /* Products */ = {
			isa = PBXGroup;
			children = (
				16267F631DA4E41D0018CD72 /* bpcalculator.app */,
				16267F771DA4E41D0018CD72 /* bpcalculatorTests.xctest */,
				16267F821DA4E41D0018CD72 /* bpcalculatorUITests.xctest */,
			);
			name = Products;
			sourceTree = "<group>";
		};
		16267F651DA4E41D0018CD72 /* bpcalculator */ = {
			isa = PBXGroup;
			children = (
				16267F661DA4E41D0018CD72 /* AppDelegate.swift */,
				16267F681DA4E41D0018CD72 /* ViewController.swift */,
				16267F6A1DA4E41D0018CD72 /* Main.storyboard */,
				16267F6D1DA4E41D0018CD72 /* Assets.xcassets */,
				16267F6F1DA4E41D0018CD72 /* LaunchScreen.storyboard */,
				16267F721DA4E41D0018CD72 /* Info.plist */,
				1615B77F1DA876B900C3BD8A /* SettingsViewController.swift */,
				16EE7D631DCB2C8000EEA73D /* ResultsViewController.swift */,
			);
			path = bpcalculator;
			sourceTree = "<group>";
		};
		16267F7A1DA4E41D0018CD72 /* bpcalculatorTests */ = {
			isa = PBXGroup;
			children = (
				16267F7B1DA4E41D0018CD72 /* bpcalculatorTests.swift */,
				16267F7D1DA4E41D0018CD72 /* Info.plist */,
			);
			path = bpcalculatorTests;
			sourceTree = "<group>";
		};
		16267F851DA4E41D0018CD72 /* bpcalculatorUITests */ = {
			isa = PBXGroup;
			children = (
				16267F861DA4E41D0018CD72 /* bpcalculatorUITests.swift */,
				16267F881DA4E41D0018CD72 /* Info.plist */,
			);
			path = bpcalculatorUITests;
			sourceTree = "<group>";
		};
/* End PBXGroup section */

/* Begin PBXNativeTarget section */
		16267F621DA4E41C0018CD72 /* bpcalculator */ = {
			isa = PBXNativeTarget;
			buildConfigurationList = 16267F8B1DA4E41D0018CD72 /* Build configuration list for PBXNativeTarget "bpcalculator" */;
			buildPhases = (
				16267F5F1DA4E41C0018CD72 /* Sources */,
				16267F601DA4E41C0018CD72 /* Frameworks */,
				16267F611DA4E41C0018CD72 /* Resources */,
			);
			buildRules = (
			);
			dependencies = (
			);
			name = bpcalculator;
			productName = bpcalculator;
			productReference = 16267F631DA4E41D0018CD72 /* bpcalculator.app */;
			productType = "com.apple.product-type.application";
		};
		16267F761DA4E41D0018CD72 /* bpcalculatorTests */ = {
			isa = PBXNativeTarget;
			buildConfigurationList = 16267F8E1DA4E41D0018CD72 /* Build configuration list for PBXNativeTarget "bpcalculatorTests" */;
			buildPhases = (
				16267F731DA4E41D0018CD72 /* Sources */,
				16267F741DA4E41D0018CD72 /* Frameworks */,
				16267F751DA4E41D0018CD72 /* Resources */,
			);
			buildRules = (
			);
			dependencies = (
				16267F791DA4E41D0018CD72 /* PBXTargetDependency */,
			);
			name = bpcalculatorTests;
			productName = bpcalculatorTests;
			productReference = 16267F771DA4E41D0018CD72 /* bpcalculatorTests.xctest */;
			productType = "com.apple.product-type.bundle.unit-test";
		};
		16267F811DA4E41D0018CD72 /* bpcalculatorUITests */ = {
			isa = PBXNativeTarget;
			buildConfigurationList = 16267F911DA4E41D0018CD72 /* Build configuration list for PBXNativeTarget "bpcalculatorUITests" */;
			buildPhases = (
				16267F7E1DA4E41D0018CD72 /* Sources */,
				16267F7F1DA4E41D0018CD72 /* Frameworks */,
				16267F801DA4E41D0018CD72 /* Resources */,
			);
			buildRules = (
			);
			dependencies = (
				16267F841DA4E41D0018CD72 /* PBXTargetDependency */,
			);
			name = bpcalculatorUITests;
			productName = bpcalculatorUITests;
			productReference = 16267F821DA4E41D0018CD72 /* bpcalculatorUITests.xctest */;
			productType = "com.apple.product-type.bundle.ui-testing";
		};
/* End PBXNativeTarget section */

/* Begin PBXProject section */
		16267F5B1DA4E41C0018CD72 /* Project object */ = {
			isa = PBXProject;
			attributes = {
				LastSwiftUpdateCheck = 0800;
				LastUpgradeCheck = 0800;
				ORGANIZATIONNAME = "Rohun Saxena";
				TargetAttributes = {
					16267F621DA4E41C0018CD72 = {
						CreatedOnToolsVersion = 8.0;
						ProvisioningStyle = Automatic;
					};
					16267F761DA4E41D0018CD72 = {
						CreatedOnToolsVersion = 8.0;
						ProvisioningStyle = Automatic;
						TestTargetID = 16267F621DA4E41C0018CD72;
					};
					16267F811DA4E41D0018CD72 = {
						CreatedOnToolsVersion = 8.0;
						ProvisioningStyle = Automatic;
						TestTargetID = 16267F621DA4E41C0018CD72;
					};
				};
			};
			buildConfigurationList = 16267F5E1DA4E41C0018CD72 /* Build configuration list for PBXProject "bpcalculator" */;
			compatibilityVersion = "Xcode 3.2";
			developmentRegion = English;
			hasScannedForEncodings = 0;
			knownRegions = (
				en,
				Base,
			);
			mainGroup = 16267F5A1DA4E41C0018CD72;
			productRefGroup = 16267F641DA4E41D0018CD72 /* Products */;
			projectDirPath = "";
			projectRoot = "";
			targets = (
				16267F621DA4E41C0018CD72 /* bpcalculator */,
				16267F761DA4E41D0018CD72 /* bpcalculatorTests */,
				16267F811DA4E41D0018CD72 /* bpcalculatorUITests */,
			);
		};
/* End PBXProject section */

/* Begin PBXResourcesBuildPhase section */
		16267F611DA4E41C0018CD72 /* Resources */ = {
			isa = PBXResourcesBuildPhase;
			buildActionMask = 2147483647;
			files = (
				16267F711DA4E41D0018CD72 /* LaunchScreen.storyboard in Resources */,
				16267F6E1DA4E41D0018CD72 /* Assets.xcassets in Resources */,
				16267F6C1DA4E41D0018CD72 /* Main.storyboard in Resources */,
			);
			runOnlyForDeploymentPostprocessing = 0;
		};
		16267F751DA4E41D0018CD72 /* Resources */ = {
			isa = PBXResourcesBuildPhase;
			buildActionMask = 2147483647;
			files = (
			);
			runOnlyForDeploymentPostprocessing = 0;
		};
		16267F801DA4E41D0018CD72 /* Resources */ = {
			isa = PBXResourcesBuildPhase;
			buildActionMask = 2147483647;
			files = (
			);
			runOnlyForDeploymentPostprocessing = 0;
		};
/* End PBXResourcesBuildPhase section */

/* Begin PBXSourcesBuildPhase section */
		16267F5F1DA4E41C0018CD72 /* Sources */ = {
			isa = PBXSourcesBuildPhase;
			buildActionMask = 2147483647;
			files = (
				16267F691DA4E41D0018CD72 /* ViewController.swift in Sources */,
				16267F671DA4E41D0018CD72 /* AppDelegate.swift in Sources */,
				1615B7801DA876B900C3BD8A /* SettingsViewController.swift in Sources */,
				16EE7D641DCB2C8000EEA73D /* ResultsViewController.swift in Sources */,
			);
			runOnlyForDeploymentPostprocessing = 0;
		};
		16267F731DA4E41D0018CD72 /* Sources */ = {
			isa = PBXSourcesBuildPhase;
			buildActionMask = 2147483647;
			files = (
				16267F7C1DA4E41D0018CD72 /* bpcalculatorTests.swift in Sources */,
			);
			runOnlyForDeploymentPostprocessing = 0;
		};
		16267F7E1DA4E41D0018CD72 /* Sources */ = {
			isa = PBXSourcesBuildPhase;
			buildActionMask = 2147483647;
			files = (
				16267F871DA4E41D0018CD72 /* bpcalculatorUITests.swift in Sources */,
			);
			runOnlyForDeploymentPostprocessing = 0;
		};
/* End PBXSourcesBuildPhase section */

/* Begin PBXTargetDependency section */
		16267F791DA4E41D0018CD72 /* PBXTargetDependency */ = {
			isa = PBXTargetDependency;
			target = 16267F621DA4E41C0018CD72 /* bpcalculator */;
			targetProxy = 16267F781DA4E41D0018CD72 /* PBXContainerItemProxy */;
		};
		16267F841DA4E41D0018CD72 /* PBXTargetDependency */ = {
			isa = PBXTargetDependency;
			target = 16267F621DA4E41C0018CD72 /* bpcalculator */;
			targetProxy = 16267F831DA4E41D0018CD72 /* PBXContainerItemProxy */;
		};
/* End PBXTargetDependency section */

/* Begin PBXVariantGroup section */
		16267F6A1DA4E41D0018CD72 /* Main.storyboard */ = {
			isa = PBXVariantGroup;
			children = (
				16267F6B1DA4E41D0018CD72 /* Base */,
			);
			name = Main.storyboard;
			sourceTree = "<group>";
		};
		16267F6F1DA4E41D0018CD72 /* LaunchScreen.storyboard */ = {
			isa = PBXVariantGroup;
			children = (
				16267F701DA4E41D0018CD72 /* Base */,
			);
			name = LaunchScreen.storyboard;
			sourceTree = "<group>";
		};
/* End PBXVariantGroup section */

/* Begin XCBuildConfiguration section */
		16267F891DA4E41D0018CD72 /* Debug */ = {
			isa = XCBuildConfiguration;
			buildSettings = {
				ALWAYS_SEARCH_USER_PATHS = NO;
				CLANG_ANALYZER_NONNULL = YES;
				CLANG_CXX_LANGUAGE_STANDARD = "gnu++0x";
				CLANG_CXX_LIBRARY = "libc++";
				CLANG_ENABLE_MODULES = YES;
				CLANG_ENABLE_OBJC_ARC = YES;
				CLANG_WARN_BOOL_CONVERSION = YES;
				CLANG_WARN_CONSTANT_CONVERSION = YES;
				CLANG_WARN_DIRECT_OBJC_ISA_USAGE = YES_ERROR;
				CLANG_WARN_DOCUMENTATION_COMMENTS = YES;
				CLANG_WARN_EMPTY_BODY = YES;
				CLANG_WARN_ENUM_CONVERSION = YES;
				CLANG_WARN_INFINITE_RECURSION = YES;
				CLANG_WARN_INT_CONVERSION = YES;
				CLANG_WARN_OBJC_ROOT_CLASS = YES_ERROR;
				CLANG_WARN_SUSPICIOUS_MOVES = YES;
				CLANG_WARN_UNREACHABLE_CODE = YES;
				CLANG_WARN__DUPLICATE_METHOD_MATCH = YES;
				"CODE_SIGN_IDENTITY[sdk=iphoneos*]" = "iPhone Developer";
				COPY_PHASE_STRIP = NO;
				DEBUG_INFORMATION_FORMAT = dwarf;
				ENABLE_STRICT_OBJC_MSGSEND = YES;
				ENABLE_TESTABILITY = YES;
				GCC_C_LANGUAGE_STANDARD = gnu99;
				GCC_DYNAMIC_NO_PIC = NO;
				GCC_NO_COMMON_BLOCKS = YES;
				GCC_OPTIMIZATION_LEVEL = 0;
				GCC_PREPROCESSOR_DEFINITIONS = (
					"DEBUG=1",
					"$(inherited)",
				);
				GCC_WARN_64_TO_32_BIT_CONVERSION = YES;
				GCC_WARN_ABOUT_RETURN_TYPE = YES_ERROR;
				GCC_WARN_UNDECLARED_SELECTOR = YES;
				GCC_WARN_UNINITIALIZED_AUTOS = YES_AGGRESSIVE;
				GCC_WARN_UNUSED_FUNCTION = YES;
				GCC_WARN_UNUSED_VARIABLE = YES;
				IPHONEOS_DEPLOYMENT_TARGET = 10.0;
				MTL_ENABLE_DEBUG_INFO = YES;
				ONLY_ACTIVE_ARCH = YES;
				SDKROOT = iphoneos;
				SWIFT_ACTIVE_COMPILATION_CONDITIONS = DEBUG;
				SWIFT_OPTIMIZATION_LEVEL = "-Onone";
			};
			name = Debug;
		};
		16267F8A1DA4E41D0018CD72 /* Release */ = {
			isa = XCBuildConfiguration;
			buildSettings = {
				ALWAYS_SEARCH_USER_PATHS = NO;
				CLANG_ANALYZER_NONNULL = YES;
				CLANG_CXX_LANGUAGE_STANDARD = "gnu++0x";
				CLANG_CXX_LIBRARY = "libc++";
				CLANG_ENABLE_MODULES = YES;
				CLANG_ENABLE_OBJC_ARC = YES;
				CLANG_WARN_BOOL_CONVERSION = YES;
				CLANG_WARN_CONSTANT_CONVERSION = YES;
				CLANG_WARN_DIRECT_OBJC_ISA_USAGE = YES_ERROR;
				CLANG_WARN_DOCUMENTATION_COMMENTS = YES;
				CLANG_WARN_EMPTY_BODY = YES;
				CLANG_WARN_ENUM_CONVERSION = YES;
				CLANG_WARN_INFINITE_RECURSION = YES;
				CLANG_WARN_INT_CONVERSION = YES;
				CLANG_WARN_OBJC_ROOT_CLASS = YES_ERROR;
				CLANG_WARN_SUSPICIOUS_MOVES = YES;
				CLANG_WARN_UNREACHABLE_CODE = YES;
				CLANG_WARN__DUPLICATE_METHOD_MATCH = YES;
				"CODE_SIGN_IDENTITY[sdk=iphoneos*]" = "iPhone Developer";
				COPY_PHASE_STRIP = NO;
				DEBUG_INFORMATION_FORMAT = "dwarf-with-dsym";
				ENABLE_NS_ASSERTIONS = NO;
				ENABLE_STRICT_OBJC_MSGSEND = YES;
				GCC_C_LANGUAGE_STANDARD = gnu99;
				GCC_NO_COMMON_BLOCKS = YES;
				GCC_WARN_64_TO_32_BIT_CONVERSION = YES;
				GCC_WARN_ABOUT_RETURN_TYPE = YES_ERROR;
				GCC_WARN_UNDECLARED_SELECTOR = YES;
				GCC_WARN_UNINITIALIZED_AUTOS = YES_AGGRESSIVE;
				GCC_WARN_UNUSED_FUNCTION = YES;
				GCC_WARN_UNUSED_VARIABLE = YES;
				IPHONEOS_DEPLOYMENT_TARGET = 10.0;
				MTL_ENABLE_DEBUG_INFO = NO;
				SDKROOT = iphoneos;
				SWIFT_OPTIMIZATION_LEVEL = "-Owholemodule";
				VALIDATE_PRODUCT = YES;
			};
			name = Release;
		};
		16267F8C1DA4E41D0018CD72 /* Debug */ = {
			isa = XCBuildConfiguration;
			buildSettings = {
				ASSETCATALOG_COMPILER_APPICON_NAME = AppIcon;
				INFOPLIST_FILE = bpcalculator/Info.plist;
				LD_RUNPATH_SEARCH_PATHS = "$(inherited) @executable_path/Frameworks";
				PRODUCT_BUNDLE_IDENTIFIER = rohun.bpcalculator;
				PRODUCT_NAME = "$(TARGET_NAME)";
				SWIFT_VERSION = 3.0;
			};
			name = Debug;
		};
		16267F8D1DA4E41D0018CD72 /* Release */ = {
			isa = XCBuildConfiguration;
			buildSettings = {
				ASSETCATALOG_COMPILER_APPICON_NAME = AppIcon;
				INFOPLIST_FILE = bpcalculator/Info.plist;
				LD_RUNPATH_SEARCH_PATHS = "$(inherited) @executable_path/Frameworks";
				PRODUCT_BUNDLE_IDENTIFIER = rohun.bpcalculator;
				PRODUCT_NAME = "$(TARGET_NAME)";
				SWIFT_VERSION = 3.0;
			};
			name = Release;
		};
		16267F8F1DA4E41D0018CD72 /* Debug */ = {
			isa = XCBuildConfiguration;
			buildSettings = {
				ALWAYS_EMBED_SWIFT_STANDARD_LIBRARIES = YES;
				BUNDLE_LOADER = "$(TEST_HOST)";
				INFOPLIST_FILE = bpcalculatorTests/Info.plist;
				LD_RUNPATH_SEARCH_PATHS = "$(inherited) @executable_path/Frameworks @loader_path/Frameworks";
				PRODUCT_BUNDLE_IDENTIFIER = rohun.bpcalculatorTests;
				PRODUCT_NAME = "$(TARGET_NAME)";
				SWIFT_VERSION = 3.0;
				TEST_HOST = "$(BUILT_PRODUCTS_DIR)/bpcalculator.app/bpcalculator";
			};
			name = Debug;
		};
		16267F901DA4E41D0018CD72 /* Release */ = {
			isa = XCBuildConfiguration;
			buildSettings = {
				ALWAYS_EMBED_SWIFT_STANDARD_LIBRARIES = YES;
				BUNDLE_LOADER = "$(TEST_HOST)";
				INFOPLIST_FILE = bpcalculatorTests/Info.plist;
				LD_RUNPATH_SEARCH_PATHS = "$(inherited) @executable_path/Frameworks @loader_path/Frameworks";
				PRODUCT_BUNDLE_IDENTIFIER = rohun.bpcalculatorTests;
				PRODUCT_NAME = "$(TARGET_NAME)";
				SWIFT_VERSION = 3.0;
				TEST_HOST = "$(BUILT_PRODUCTS_DIR)/bpcalculator.app/bpcalculator";
			};
			name = Release;
		};
		16267F921DA4E41D0018CD72 /* Debug */ = {
			isa = XCBuildConfiguration;
			buildSettings = {
				ALWAYS_EMBED_SWIFT_STANDARD_LIBRARIES = YES;
				INFOPLIST_FILE = bpcalculatorUITests/Info.plist;
				LD_RUNPATH_SEARCH_PATHS = "$(inherited) @executable_path/Frameworks @loader_path/Frameworks";
				PRODUCT_BUNDLE_IDENTIFIER = rohun.bpcalculatorUITests;
				PRODUCT_NAME = "$(TARGET_NAME)";
				SWIFT_VERSION = 3.0;
				TEST_TARGET_NAME = bpcalculator;
			};
			name = Debug;
		};
		16267F931DA4E41D0018CD72 /* Release */ = {
			isa = XCBuildConfiguration;
			buildSettings = {
				ALWAYS_EMBED_SWIFT_STANDARD_LIBRARIES = YES;
				INFOPLIST_FILE = bpcalculatorUITests/Info.plist;
				LD_RUNPATH_SEARCH_PATHS = "$(inherited) @executable_path/Frameworks @loader_path/Frameworks";
				PRODUCT_BUNDLE_IDENTIFIER = rohun.bpcalculatorUITests;
				PRODUCT_NAME = "$(TARGET_NAME)";
				SWIFT_VERSION = 3.0;
				TEST_TARGET_NAME = bpcalculator;
			};
			name = Release;
		};
/* End XCBuildConfiguration section */

/* Begin XCConfigurationList section */
		16267F5E1DA4E41C0018CD72 /* Build configuration list for PBXProject "bpcalculator" */ = {
			isa = XCConfigurationList;
			buildConfigurations = (
				16267F891DA4E41D0018CD72 /* Debug */,
				16267F8A1DA4E41D0018CD72 /* Release */,
			);
			defaultConfigurationIsVisible = 0;
			defaultConfigurationName = Release;
		};
		16267F8B1DA4E41D0018CD72 /* Build configuration list for PBXNativeTarget "bpcalculator" */ = {
			isa = XCConfigurationList;
			buildConfigurations = (
				16267F8C1DA4E41D0018CD72 /* Debug */,
				16267F8D1DA4E41D0018CD72 /* Release */,
			);
			defaultConfigurationIsVisible = 0;
			defaultConfigurationName = Release;
		};
		16267F8E1DA4E41D0018CD72 /* Build configuration list for PBXNativeTarget "bpcalculatorTests" */ = {
			isa = XCConfigurationList;
			buildConfigurations = (
				16267F8F1DA4E41D0018CD72 /* Debug */,
				16267F901DA4E41D0018CD72 /* Release */,
			);
			defaultConfigurationIsVisible = 0;
			defaultConfigurationName = Release;
		};
		16267F911DA4E41D0018CD72 /* Build configuration list for PBXNativeTarget "bpcalculatorUITests" */ = {
			isa = XCConfigurationList;
			buildConfigurations = (
				16267F921DA4E41D0018CD72 /* Debug */,
				16267F931DA4E41D0018CD72 /* Release */,
			);
			defaultConfigurationIsVisible = 0;
			defaultConfigurationName = Release;
		};
/* End XCConfigurationList section */
	};
	rootObject = 16267F5B1DA4E41C0018CD72 /* Project object */;
}
